
Microsoft Visual Studio Solution File, Format Version 12.00
# Visual Studio 14
VisualStudioVersion = 14.0.24720.0
MinimumVisualStudioVersion = 10.0.40219.1
Project("{FAE04EC0-301F-11D3-BF4B-00C04F79EFBC}") = "WindowsFormsApplication", "WindowsFormsApplication\WindowsFormsApplication.csproj", "{874C0D65-325C-4DD4-9239-6BEDFE0D771F}"
EndProject
Project("{FAE04EC0-301F-11D3-BF4B-00C04F79EFBC}") = "ClassLibrary", "ClassLibrary\ClassLibrary.csproj", "{98ED9A62-E1AC-4748-9A64-6DD2DE52BA61}"
EndProject
Project("{FAE04EC0-301F-11D3-BF4B-00C04F79EFBC}") = "Data", "Data\Data.csproj", "{4DBBF4F4-E2A3-4F9C-8D93-FCA1E39584D8}"
EndProject
Project("{FAE04EC0-301F-11D3-BF4B-00C04F79EFBC}") = "Repository", "Repository\Repository.csproj", "{5933F0A4-D667-4CBB-8FF7-52D3AE184759}"
EndProject
Project("{FAE04EC0-301F-11D3-BF4B-00C04F79EFBC}") = "Service", "Service\Service.csproj", "{544C7610-AABE-4617-B175-884D43B3A362}"
EndProject
Global
	GlobalSection(SolutionConfigurationPlatforms) = preSolution
		Debug|Any CPU = Debug|Any CPU
		Release|Any CPU = Release|Any CPU
	EndGlobalSection
	GlobalSection(ProjectConfigurationPlatforms) = postSolution
		{874C0D65-325C-4DD4-9239-6BEDFE0D771F}.Debug|Any CPU.ActiveCfg = Debug|Any CPU
		{874C0D65-325C-4DD4-9239-6BEDFE0D771F}.Debug|Any CPU.Build.0 = Debug|Any CPU
		{874C0D65-325C-4DD4-9239-6BEDFE0D771F}.Release|Any CPU.ActiveCfg = Release|Any CPU
		{874C0D65-325C-4DD4-9239-6BEDFE0D771F}.Release|Any CPU.Build.0 = Release|Any CPU
		{98ED9A62-E1AC-4748-9A64-6DD2DE52BA61}.Debug|Any CPU.ActiveCfg = Debug|Any CPU
		{98ED9A62-E1AC-4748-9A64-6DD2DE52BA61}.Debug|Any CPU.Build.0 = Debug|Any CPU
		{98ED9A62-E1AC-4748-9A64-6DD2DE52BA61}.Release|Any CPU.ActiveCfg = Release|Any CPU
		{98ED9A62-E1AC-4748-9A64-6DD2DE52BA61}.Release|Any CPU.Build.0 = Release|Any CPU
		{4DBBF4F4-E2A3-4F9C-8D93-FCA1E39584D8}.Debug|Any CPU.ActiveCfg = Debug|Any CPU
		{4DBBF4F4-E2A3-4F9C-8D93-FCA1E39584D8}.Debug|Any CPU.Build.0 = Debug|Any CPU
		{4DBBF4F4-E2A3-4F9C-8D93-FCA1E39584D8}.Release|Any CPU.ActiveCfg = Release|Any CPU
		{4DBBF4F4-E2A3-4F9C-8D93-FCA1E39584D8}.Release|Any CPU.Build.0 = Release|Any CPU
		{5933F0A4-D667-4CBB-8FF7-52D3AE184759}.Debug|Any CPU.ActiveCfg = Debug|Any CPU
		{5933F0A4-D667-4CBB-8FF7-52D3AE184759}.Debug|Any CPU.Build.0 = Debug|Any CPU
		{5933F0A4-D667-4CBB-8FF7-52D3AE184759}.Release|Any CPU.ActiveCfg = Release|Any CPU
		{5933F0A4-D667-4CBB-8FF7-52D3AE184759}.Release|Any CPU.Build.0 = Release|Any CPU
		{544C7610-AABE-4617-B175-884D43B3A362}.Debug|Any CPU.ActiveCfg = Debug|Any CPU
		{544C7610-AABE-4617-B175-884D43B3A362}.Debug|Any CPU.Build.0 = Debug|Any CPU
		{544C7610-AABE-4617-B175-884D43B3A362}.Release|Any CPU.ActiveCfg = Release|Any CPU
		{544C7610-AABE-4617-B175-884D43B3A362}.Release|Any CPU.Build.0 = Release|Any CPU
	EndGlobalSection
	GlobalSection(SolutionProperties) = preSolution
		HideSolutionNode = FALSE
	EndGlobalSection
EndGlobal
